// !$*UTF8*$!
{
	archiveVersion = 1;
	classes = {
	};
	objectVersion = 50;
	objects = {

/* Begin PBXBuildFile section */
		04199DD3228D812200F67535 /* greeting.framework in Frameworks */ = {isa = PBXBuildFile; fileRef = 04199DD2228D812200F67535 /* greeting.framework */; };
		04199DD4228D812200F67535 /* greeting.framework in Embed Frameworks */ = {isa = PBXBuildFile; fileRef = 04199DD2228D812200F67535 /* greeting.framework */; settings = {ATTRIBUTES = (CodeSignOnCopy, RemoveHeadersOnCopy, ); }; };
		044001EC228C5A08000477BF /* AppDelegate.swift in Sources */ = {isa = PBXBuildFile; fileRef = 044001EB228C5A08000477BF /* AppDelegate.swift */; };
		044001EE228C5A08000477BF /* ViewController.swift in Sources */ = {isa = PBXBuildFile; fileRef = 044001ED228C5A08000477BF /* ViewController.swift */; };
		044001F1228C5A08000477BF /* Main.storyboard in Resources */ = {isa = PBXBuildFile; fileRef = 044001EF228C5A08000477BF /* Main.storyboard */; };
		044001F3228C5A09000477BF /* Assets.xcassets in Resources */ = {isa = PBXBuildFile; fileRef = 044001F2228C5A09000477BF /* Assets.xcassets */; };
		044001F6228C5A09000477BF /* LaunchScreen.storyboard in Resources */ = {isa = PBXBuildFile; fileRef = 044001F4228C5A09000477BF /* LaunchScreen.storyboard */; };
		04400201228C5A09000477BF /* MPP_KotlinTests.swift in Sources */ = {isa = PBXBuildFile; fileRef = 04400200228C5A09000477BF /* MPP_KotlinTests.swift */; };
		0440020C228C5A09000477BF /* MPP_KotlinUITests.swift in Sources */ = {isa = PBXBuildFile; fileRef = 0440020B228C5A09000477BF /* MPP_KotlinUITests.swift */; };
/* End PBXBuildFile section */

/* Begin PBXContainerItemProxy section */
		044001FD228C5A09000477BF /* PBXContainerItemProxy */ = {
			isa = PBXContainerItemProxy;
			containerPortal = 044001E0228C5A08000477BF /* Project object */;
			proxyType = 1;
			remoteGlobalIDString = 044001E7228C5A08000477BF;
			remoteInfo = "MPP Kotlin";
		};
		04400208228C5A09000477BF /* PBXContainerItemProxy */ = {
			isa = PBXContainerItemProxy;
			containerPortal = 044001E0228C5A08000477BF /* Project object */;
			proxyType = 1;
			remoteGlobalIDString = 044001E7228C5A08000477BF;
			remoteInfo = "MPP Kotlin";
		};
/* End PBXContainerItemProxy section */

/* Begin PBXCopyFilesBuildPhase section */
		04199DD5228D812300F67535 /* Embed Frameworks */ = {
			isa = PBXCopyFilesBuildPhase;
			buildActionMask = 2147483647;
			dstPath = "";
			dstSubfolderSpec = 10;
			files = (
				04199DD4228D812200F67535 /* greeting.framework in Embed Frameworks */,
			);
			name = "Embed Frameworks";
			runOnlyForDeploymentPostprocessing = 0;
		};
/* End PBXCopyFilesBuildPhase section */

/* Begin PBXFileReference section */
		04199DD2228D812200F67535 /* greeting.framework */ = {isa = PBXFileReference; lastKnownFileType = wrapper.framework; name = greeting.framework; path = ../greeting/build/bin/ios/debugFramework/greeting.framework; sourceTree = "<group>"; };
		044001E8228C5A08000477BF /* MPP Kotlin.app */ = {isa = PBXFileReference; explicitFileType = wrapper.application; includeInIndex = 0; path = "MPP Kotlin.app"; sourceTree = BUILT_PRODUCTS_DIR; };
		044001EB228C5A08000477BF /* AppDelegate.swift */ = {isa = PBXFileReference; lastKnownFileType = sourcecode.swift; path = AppDelegate.swift; sourceTree = "<group>"; };
		044001ED228C5A08000477BF /* ViewController.swift */ = {isa = PBXFileReference; lastKnownFileType = sourcecode.swift; path = ViewController.swift; sourceTree = "<group>"; };
		044001F0228C5A08000477BF /* Base */ = {isa = PBXFileReference; lastKnownFileType = file.storyboard; name = Base; path = Base.lproj/Main.storyboard; sourceTree = "<group>"; };
		044001F2228C5A09000477BF /* Assets.xcassets */ = {isa = PBXFileReference; lastKnownFileType = folder.assetcatalog; path = Assets.xcassets; sourceTree = "<group>"; };
		044001F5228C5A09000477BF /* Base */ = {isa = PBXFileReference; lastKnownFileType = file.storyboard; name = Base; path = Base.lproj/LaunchScreen.storyboard; sourceTree = "<group>"; };
		044001F7228C5A09000477BF /* Info.plist */ = {isa = PBXFileReference; lastKnownFileType = text.plist.xml; path = Info.plist; sourceTree = "<group>"; };
		044001FC228C5A09000477BF /* MPP KotlinTests.xctest */ = {isa = PBXFileReference; explicitFileType = wrapper.cfbundle; includeInIndex = 0; path = "MPP KotlinTests.xctest"; sourceTree = BUILT_PRODUCTS_DIR; };
		04400200228C5A09000477BF /* MPP_KotlinTests.swift */ = {isa = PBXFileReference; lastKnownFileType = sourcecode.swift; path = MPP_KotlinTests.swift; sourceTree = "<group>"; };
		04400202228C5A09000477BF /* Info.plist */ = {isa = PBXFileReference; lastKnownFileType = text.plist.xml; path = Info.plist; sourceTree = "<group>"; };
		04400207228C5A09000477BF /* MPP KotlinUITests.xctest */ = {isa = PBXFileReference; explicitFileType = wrapper.cfbundle; includeInIndex = 0; path = "MPP KotlinUITests.xctest"; sourceTree = BUILT_PRODUCTS_DIR; };
		0440020B228C5A09000477BF /* MPP_KotlinUITests.swift */ = {isa = PBXFileReference; lastKnownFileType = sourcecode.swift; path = MPP_KotlinUITests.swift; sourceTree = "<group>"; };
		0440020D228C5A09000477BF /* Info.plist */ = {isa = PBXFileReference; lastKnownFileType = text.plist.xml; path = Info.plist; sourceTree = "<group>"; };
/* End PBXFileReference section */

/* Begin PBXFrameworksBuildPhase section */
		044001E5228C5A08000477BF /* Frameworks */ = {
			isa = PBXFrameworksBuildPhase;
			buildActionMask = 2147483647;
			files = (
				04199DD3228D812200F67535 /* greeting.framework in Frameworks */,
			);
			runOnlyForDeploymentPostprocessing = 0;
		};
		044001F9228C5A09000477BF /* Frameworks */ = {
			isa = PBXFrameworksBuildPhase;
			buildActionMask = 2147483647;
			files = (
			);
			runOnlyForDeploymentPostprocessing = 0;
		};
		04400204228C5A09000477BF /* Frameworks */ = {
			isa = PBXFrameworksBuildPhase;
			buildActionMask = 2147483647;
			files = (
			);
			runOnlyForDeploymentPostprocessing = 0;
		};
/* End PBXFrameworksBuildPhase section */

/* Begin PBXGroup section */
		044001DF228C5A08000477BF = {
			isa = PBXGroup;
			children = (
				04199DD2228D812200F67535 /* greeting.framework */,
				044001EA228C5A08000477BF /* MPP Kotlin */,
				044001FF228C5A09000477BF /* MPP KotlinTests */,
				0440020A228C5A09000477BF /* MPP KotlinUITests */,
				044001E9228C5A08000477BF /* Products */,
			);
			sourceTree = "<group>";
		};
		044001E9228C5A08000477BF /* Products */ = {
			isa = PBXGroup;
			children = (
				044001E8228C5A08000477BF /* MPP Kotlin.app */,
				044001FC228C5A09000477BF /* MPP KotlinTests.xctest */,
				04400207228C5A09000477BF /* MPP KotlinUITests.xctest */,
			);
			name = Products;
			sourceTree = "<group>";
		};
		044001EA228C5A08000477BF /* MPP Kotlin */ = {
			isa = PBXGroup;
			children = (
				044001EB228C5A08000477BF /* AppDelegate.swift */,
				044001ED228C5A08000477BF /* ViewController.swift */,
				044001EF228C5A08000477BF /* Main.storyboard */,
				044001F2228C5A09000477BF /* Assets.xcassets */,
				044001F4228C5A09000477BF /* LaunchScreen.storyboard */,
				044001F7228C5A09000477BF /* Info.plist */,
			);
			path = "MPP Kotlin";
			sourceTree = "<group>";
		};
		044001FF228C5A09000477BF /* MPP KotlinTests */ = {
			isa = PBXGroup;
			children = (
				04400200228C5A09000477BF /* MPP_KotlinTests.swift */,
				04400202228C5A09000477BF /* Info.plist */,
			);
			path = "MPP KotlinTests";
			sourceTree = "<group>";
		};
		0440020A228C5A09000477BF /* MPP KotlinUITests */ = {
			isa = PBXGroup;
			children = (
				0440020B228C5A09000477BF /* MPP_KotlinUITests.swift */,
				0440020D228C5A09000477BF /* Info.plist */,
			);
			path = "MPP KotlinUITests";
			sourceTree = "<group>";
		};
/* End PBXGroup section */

/* Begin PBXNativeTarget section */
		044001E7228C5A08000477BF /* MPP Kotlin */ = {
			isa = PBXNativeTarget;
			buildConfigurationList = 04400210228C5A09000477BF /* Build configuration list for PBXNativeTarget "MPP Kotlin" */;
			buildPhases = (
				0440021D228C5D8C000477BF /* ShellScript */,
				044001E4228C5A08000477BF /* Sources */,
				044001E5228C5A08000477BF /* Frameworks */,
				044001E6228C5A08000477BF /* Resources */,
				04199DD5228D812300F67535 /* Embed Frameworks */,
			);
			buildRules = (
			);
			dependencies = (
			);
			name = "MPP Kotlin";
			productName = "MPP Kotlin";
			productReference = 044001E8228C5A08000477BF /* MPP Kotlin.app */;
			productType = "com.apple.product-type.application";
		};
		044001FB228C5A09000477BF /* MPP KotlinTests */ = {
			isa = PBXNativeTarget;
			buildConfigurationList = 04400213228C5A09000477BF /* Build configuration list for PBXNativeTarget "MPP KotlinTests" */;
			buildPhases = (
				044001F8228C5A09000477BF /* Sources */,
				044001F9228C5A09000477BF /* Frameworks */,
				044001FA228C5A09000477BF /* Resources */,
			);
			buildRules = (
			);
			dependencies = (
				044001FE228C5A09000477BF /* PBXTargetDependency */,
			);
			name = "MPP KotlinTests";
			productName = "MPP KotlinTests";
			productReference = 044001FC228C5A09000477BF /* MPP KotlinTests.xctest */;
			productType = "com.apple.product-type.bundle.unit-test";
		};
		04400206228C5A09000477BF /* MPP KotlinUITests */ = {
			isa = PBXNativeTarget;
			buildConfigurationList = 04400216228C5A09000477BF /* Build configuration list for PBXNativeTarget "MPP KotlinUITests" */;
			buildPhases = (
				04400203228C5A09000477BF /* Sources */,
				04400204228C5A09000477BF /* Frameworks */,
				04400205228C5A09000477BF /* Resources */,
			);
			buildRules = (
			);
			dependencies = (
				04400209228C5A09000477BF /* PBXTargetDependency */,
			);
			name = "MPP KotlinUITests";
			productName = "MPP KotlinUITests";
			productReference = 04400207228C5A09000477BF /* MPP KotlinUITests.xctest */;
			productType = "com.apple.product-type.bundle.ui-testing";
		};
/* End PBXNativeTarget section */

/* Begin PBXProject section */
		044001E0228C5A08000477BF /* Project object */ = {
			isa = PBXProject;
			attributes = {
				LastSwiftUpdateCheck = 1020;
				LastUpgradeCheck = 1020;
				ORGANIZATIONNAME = "Javier Arroyo";
				TargetAttributes = {
					044001E7228C5A08000477BF = {
						CreatedOnToolsVersion = 10.2.1;
					};
					044001FB228C5A09000477BF = {
						CreatedOnToolsVersion = 10.2.1;
						TestTargetID = 044001E7228C5A08000477BF;
					};
					04400206228C5A09000477BF = {
						CreatedOnToolsVersion = 10.2.1;
						TestTargetID = 044001E7228C5A08000477BF;
					};
				};
			};
			buildConfigurationList = 044001E3228C5A08000477BF /* Build configuration list for PBXProject "MPP Kotlin" */;
			compatibilityVersion = "Xcode 9.3";
			developmentRegion = en;
			hasScannedForEncodings = 0;
			knownRegions = (
				en,
				Base,
			);
			mainGroup = 044001DF228C5A08000477BF;
			productRefGroup = 044001E9228C5A08000477BF /* Products */;
			projectDirPath = "";
			projectRoot = "";
			targets = (
				044001E7228C5A08000477BF /* MPP Kotlin */,
				044001FB228C5A09000477BF /* MPP KotlinTests */,
				04400206228C5A09000477BF /* MPP KotlinUITests */,
			);
		};
/* End PBXProject section */

/* Begin PBXResourcesBuildPhase section */
		044001E6228C5A08000477BF /* Resources */ = {
			isa = PBXResourcesBuildPhase;
			buildActionMask = 2147483647;
			files = (
				044001F6228C5A09000477BF /* LaunchScreen.storyboard in Resources */,
				044001F3228C5A09000477BF /* Assets.xcassets in Resources */,
				044001F1228C5A08000477BF /* Main.storyboard in Resources */,
			);
			runOnlyForDeploymentPostprocessing = 0;
		};
		044001FA228C5A09000477BF /* Resources */ = {
			isa = PBXResourcesBuildPhase;
			buildActionMask = 2147483647;
			files = (
			);
			runOnlyForDeploymentPostprocessing = 0;
		};
		04400205228C5A09000477BF /* Resources */ = {
			isa = PBXResourcesBuildPhase;
			buildActionMask = 2147483647;
			files = (
			);
			runOnlyForDeploymentPostprocessing = 0;
		};
/* End PBXResourcesBuildPhase section */

/* Begin PBXShellScriptBuildPhase section */
		0440021D228C5D8C000477BF /* ShellScript */ = {
			isa = PBXShellScriptBuildPhase;
			buildActionMask = 2147483647;
			files = (
			);
			inputFileListPaths = (
			);
			inputPaths = (
			);
			outputFileListPaths = (
			);
			outputPaths = (
			);
			runOnlyForDeploymentPostprocessing = 0;
			shellPath = /bin/sh;
			shellScript = "\"$SRCROOT/../gradlew\" -p \"$SRCROOT/../greeting\" copyFramework \\\n-Pconfiguration.build.dir=\"$CONFIGURATION_BUILD_DIR\"          \\\n-Pkotlin.build.type=\"$KOTLIN_BUILD_TYPE\"                      \\\n-Pdevice=\"$KOTLIN_DEVICE\"\n";
		};
/* End PBXShellScriptBuildPhase section */

/* Begin PBXSourcesBuildPhase section */
		044001E4228C5A08000477BF /* Sources */ = {
			isa = PBXSourcesBuildPhase;
			buildActionMask = 2147483647;
			files = (
				044001EE228C5A08000477BF /* ViewController.swift in Sources */,
				044001EC228C5A08000477BF /* AppDelegate.swift in Sources */,
			);
			runOnlyForDeploymentPostprocessing = 0;
		};
		044001F8228C5A09000477BF /* Sources */ = {
			isa = PBXSourcesBuildPhase;
			buildActionMask = 2147483647;
			files = (
				04400201228C5A09000477BF /* MPP_KotlinTests.swift in Sources */,
			);
			runOnlyForDeploymentPostprocessing = 0;
		};
		04400203228C5A09000477BF /* Sources */ = {
			isa = PBXSourcesBuildPhase;
			buildActionMask = 2147483647;
			files = (
				0440020C228C5A09000477BF /* MPP_KotlinUITests.swift in Sources */,
			);
			runOnlyForDeploymentPostprocessing = 0;
		};
/* End PBXSourcesBuildPhase section */

/* Begin PBXTargetDependency section */
		044001FE228C5A09000477BF /* PBXTargetDependency */ = {
			isa = PBXTargetDependency;
			target = 044001E7228C5A08000477BF /* MPP Kotlin */;
			targetProxy = 044001FD228C5A09000477BF /* PBXContainerItemProxy */;
		};
		04400209228C5A09000477BF /* PBXTargetDependency */ = {
			isa = PBXTargetDependency;
			target = 044001E7228C5A08000477BF /* MPP Kotlin */;
			targetProxy = 04400208228C5A09000477BF /* PBXContainerItemProxy */;
		};
/* End PBXTargetDependency section */

/* Begin PBXVariantGroup section */
		044001EF228C5A08000477BF /* Main.storyboard */ = {
			isa = PBXVariantGroup;
			children = (
				044001F0228C5A08000477BF /* Base */,
			);
			name = Main.storyboard;
			sourceTree = "<group>";
		};
		044001F4228C5A09000477BF /* LaunchScreen.storyboard */ = {
			isa = PBXVariantGroup;
			children = (
				044001F5228C5A09000477BF /* Base */,
			);
			name = LaunchScreen.storyboard;
			sourceTree = "<group>";
		};
/* End PBXVariantGroup section */

/* Begin XCBuildConfiguration section */
		0440020E228C5A09000477BF /* Debug */ = {
			isa = XCBuildConfiguration;
			buildSettings = {
				ALWAYS_SEARCH_USER_PATHS = NO;
				CLANG_ANALYZER_NONNULL = YES;
				CLANG_ANALYZER_NUMBER_OBJECT_CONVERSION = YES_AGGRESSIVE;
				CLANG_CXX_LANGUAGE_STANDARD = "gnu++14";
				CLANG_CXX_LIBRARY = "libc++";
				CLANG_ENABLE_MODULES = YES;
				CLANG_ENABLE_OBJC_ARC = YES;
				CLANG_ENABLE_OBJC_WEAK = YES;
				CLANG_WARN_BLOCK_CAPTURE_AUTORELEASING = YES;
				CLANG_WARN_BOOL_CONVERSION = YES;
				CLANG_WARN_COMMA = YES;
				CLANG_WARN_CONSTANT_CONVERSION = YES;
				CLANG_WARN_DEPRECATED_OBJC_IMPLEMENTATIONS = YES;
				CLANG_WARN_DIRECT_OBJC_ISA_USAGE = YES_ERROR;
				CLANG_WARN_DOCUMENTATION_COMMENTS = YES;
				CLANG_WARN_EMPTY_BODY = YES;
				CLANG_WARN_ENUM_CONVERSION = YES;
				CLANG_WARN_INFINITE_RECURSION = YES;
				CLANG_WARN_INT_CONVERSION = YES;
				CLANG_WARN_NON_LITERAL_NULL_CONVERSION = YES;
				CLANG_WARN_OBJC_IMPLICIT_RETAIN_SELF = YES;
				CLANG_WARN_OBJC_LITERAL_CONVERSION = YES;
				CLANG_WARN_OBJC_ROOT_CLASS = YES_ERROR;
				CLANG_WARN_RANGE_LOOP_ANALYSIS = YES;
				CLANG_WARN_STRICT_PROTOTYPES = YES;
				CLANG_WARN_SUSPICIOUS_MOVE = YES;
				CLANG_WARN_UNGUARDED_AVAILABILITY = YES_AGGRESSIVE;
				CLANG_WARN_UNREACHABLE_CODE = YES;
				CLANG_WARN__DUPLICATE_METHOD_MATCH = YES;
				CODE_SIGN_IDENTITY = "iPhone Developer";
				COPY_PHASE_STRIP = NO;
				DEBUG_INFORMATION_FORMAT = dwarf;
				ENABLE_STRICT_OBJC_MSGSEND = YES;
				ENABLE_TESTABILITY = YES;
				GCC_C_LANGUAGE_STANDARD = gnu11;
				GCC_DYNAMIC_NO_PIC = NO;
				GCC_NO_COMMON_BLOCKS = YES;
				GCC_OPTIMIZATION_LEVEL = 0;
				GCC_PREPROCESSOR_DEFINITIONS = (
					"DEBUG=1",
					"$(inherited)",
				);
				GCC_WARN_64_TO_32_BIT_CONVERSION = YES;
				GCC_WARN_ABOUT_RETURN_TYPE = YES_ERROR;
				GCC_WARN_UNDECLARED_SELECTOR = YES;
				GCC_WARN_UNINITIALIZED_AUTOS = YES_AGGRESSIVE;
				GCC_WARN_UNUSED_FUNCTION = YES;
				GCC_WARN_UNUSED_VARIABLE = YES;
				IPHONEOS_DEPLOYMENT_TARGET = 12.2;
				MTL_ENABLE_DEBUG_INFO = INCLUDE_SOURCE;
				MTL_FAST_MATH = YES;
				ONLY_ACTIVE_ARCH = YES;
				SDKROOT = iphoneos;
				SWIFT_ACTIVE_COMPILATION_CONDITIONS = DEBUG;
				SWIFT_OPTIMIZATION_LEVEL = "-Onone";
			};
			name = Debug;
		};
		0440020F228C5A09000477BF /* Release */ = {
			isa = XCBuildConfiguration;
			buildSettings = {
				ALWAYS_SEARCH_USER_PATHS = NO;
				CLANG_ANALYZER_NONNULL = YES;
				CLANG_ANALYZER_NUMBER_OBJECT_CONVERSION = YES_AGGRESSIVE;
				CLANG_CXX_LANGUAGE_STANDARD = "gnu++14";
				CLANG_CXX_LIBRARY = "libc++";
				CLANG_ENABLE_MODULES = YES;
				CLANG_ENABLE_OBJC_ARC = YES;
				CLANG_ENABLE_OBJC_WEAK = YES;
				CLANG_WARN_BLOCK_CAPTURE_AUTORELEASING = YES;
				CLANG_WARN_BOOL_CONVERSION = YES;
				CLANG_WARN_COMMA = YES;
				CLANG_WARN_CONSTANT_CONVERSION = YES;
				CLANG_WARN_DEPRECATED_OBJC_IMPLEMENTATIONS = YES;
				CLANG_WARN_DIRECT_OBJC_ISA_USAGE = YES_ERROR;
				CLANG_WARN_DOCUMENTATION_COMMENTS = YES;
				CLANG_WARN_EMPTY_BODY = YES;
				CLANG_WARN_ENUM_CONVERSION = YES;
				CLANG_WARN_INFINITE_RECURSION = YES;
				CLANG_WARN_INT_CONVERSION = YES;
				CLANG_WARN_NON_LITERAL_NULL_CONVERSION = YES;
				CLANG_WARN_OBJC_IMPLICIT_RETAIN_SELF = YES;
				CLANG_WARN_OBJC_LITERAL_CONVERSION = YES;
				CLANG_WARN_OBJC_ROOT_CLASS = YES_ERROR;
				CLANG_WARN_RANGE_LOOP_ANALYSIS = YES;
				CLANG_WARN_STRICT_PROTOTYPES = YES;
				CLANG_WARN_SUSPICIOUS_MOVE = YES;
				CLANG_WARN_UNGUARDED_AVAILABILITY = YES_AGGRESSIVE;
				CLANG_WARN_UNREACHABLE_CODE = YES;
				CLANG_WARN__DUPLICATE_METHOD_MATCH = YES;
				CODE_SIGN_IDENTITY = "iPhone Developer";
				COPY_PHASE_STRIP = NO;
				DEBUG_INFORMATION_FORMAT = "dwarf-with-dsym";
				ENABLE_NS_ASSERTIONS = NO;
				ENABLE_STRICT_OBJC_MSGSEND = YES;
				GCC_C_LANGUAGE_STANDARD = gnu11;
				GCC_NO_COMMON_BLOCKS = YES;
				GCC_WARN_64_TO_32_BIT_CONVERSION = YES;
				GCC_WARN_ABOUT_RETURN_TYPE = YES_ERROR;
				GCC_WARN_UNDECLARED_SELECTOR = YES;
				GCC_WARN_UNINITIALIZED_AUTOS = YES_AGGRESSIVE;
				GCC_WARN_UNUSED_FUNCTION = YES;
				GCC_WARN_UNUSED_VARIABLE = YES;
				IPHONEOS_DEPLOYMENT_TARGET = 12.2;
				MTL_ENABLE_DEBUG_INFO = NO;
				MTL_FAST_MATH = YES;
				SDKROOT = iphoneos;
				SWIFT_COMPILATION_MODE = wholemodule;
				SWIFT_OPTIMIZATION_LEVEL = "-O";
				VALIDATE_PRODUCT = YES;
			};
			name = Release;
		};
		04400211228C5A09000477BF /* Debug */ = {
			isa = XCBuildConfiguration;
			buildSettings = {
				ASSETCATALOG_COMPILER_APPICON_NAME = AppIcon;
				CODE_SIGN_STYLE = Automatic;
				INFOPLIST_FILE = "MPP Kotlin/Info.plist";
				LD_RUNPATH_SEARCH_PATHS = (
					"$(inherited)",
					"@executable_path/Frameworks",
				);
				PRODUCT_BUNDLE_IDENTIFIER = "jarroyo.MPP-Kotlin";
				PRODUCT_NAME = "$(TARGET_NAME)";
				SWIFT_VERSION = 5.0;
				TARGETED_DEVICE_FAMILY = "1,2";
			};
			name = Debug;
		};
		04400212228C5A09000477BF /* Release */ = {
			isa = XCBuildConfiguration;
			buildSettings = {
				ASSETCATALOG_COMPILER_APPICON_NAME = AppIcon;
				CODE_SIGN_STYLE = Automatic;
				INFOPLIST_FILE = "MPP Kotlin/Info.plist";
				LD_RUNPATH_SEARCH_PATHS = (
					"$(inherited)",
					"@executable_path/Frameworks",
				);
				PRODUCT_BUNDLE_IDENTIFIER = "jarroyo.MPP-Kotlin";
				PRODUCT_NAME = "$(TARGET_NAME)";
				SWIFT_VERSION = 5.0;
				TARGETED_DEVICE_FAMILY = "1,2";
			};
			name = Release;
		};
		04400214228C5A09000477BF /* Debug */ = {
			isa = XCBuildConfiguration;
			buildSettings = {
				ALWAYS_EMBED_SWIFT_STANDARD_LIBRARIES = YES;
				BUNDLE_LOADER = "$(TEST_HOST)";
				CODE_SIGN_STYLE = Automatic;
				INFOPLIST_FILE = "MPP KotlinTests/Info.plist";
				LD_RUNPATH_SEARCH_PATHS = (
					"$(inherited)",
					"@executable_path/Frameworks",
					"@loader_path/Frameworks",
				);
				PRODUCT_BUNDLE_IDENTIFIER = "jarroyo.MPP-KotlinTests";
				PRODUCT_NAME = "$(TARGET_NAME)";
				SWIFT_VERSION = 5.0;
				TARGETED_DEVICE_FAMILY = "1,2";
				TEST_HOST = "$(BUILT_PRODUCTS_DIR)/MPP Kotlin.app/MPP Kotlin";
			};
			name = Debug;
		};
		04400215228C5A09000477BF /* Release */ = {
			isa = XCBuildConfiguration;
			buildSettings = {
				ALWAYS_EMBED_SWIFT_STANDARD_LIBRARIES = YES;
				BUNDLE_LOADER = "$(TEST_HOST)";
				CODE_SIGN_STYLE = Automatic;
				INFOPLIST_FILE = "MPP KotlinTests/Info.plist";
				LD_RUNPATH_SEARCH_PATHS = (
					"$(inherited)",
					"@executable_path/Frameworks",
					"@loader_path/Frameworks",
				);
				PRODUCT_BUNDLE_IDENTIFIER = "jarroyo.MPP-KotlinTests";
				PRODUCT_NAME = "$(TARGET_NAME)";
				SWIFT_VERSION = 5.0;
				TARGETED_DEVICE_FAMILY = "1,2";
				TEST_HOST = "$(BUILT_PRODUCTS_DIR)/MPP Kotlin.app/MPP Kotlin";
			};
			name = Release;
		};
		04400217228C5A09000477BF /* Debug */ = {
			isa = XCBuildConfiguration;
			buildSettings = {
				ALWAYS_EMBED_SWIFT_STANDARD_LIBRARIES = YES;
				CODE_SIGN_STYLE = Automatic;
				INFOPLIST_FILE = "MPP KotlinUITests/Info.plist";
				LD_RUNPATH_SEARCH_PATHS = (
					"$(inherited)",
					"@executable_path/Frameworks",
					"@loader_path/Frameworks",
				);
				PRODUCT_BUNDLE_IDENTIFIER = "jarroyo.MPP-KotlinUITests";
				PRODUCT_NAME = "$(TARGET_NAME)";
				SWIFT_VERSION = 5.0;
				TARGETED_DEVICE_FAMILY = "1,2";
				TEST_TARGET_NAME = "MPP Kotlin";
			};
			name = Debug;
		};
		04400218228C5A09000477BF /* Release */ = {
			isa = XCBuildConfiguration;
			buildSettings = {
				ALWAYS_EMBED_SWIFT_STANDARD_LIBRARIES = YES;
				CODE_SIGN_STYLE = Automatic;
				INFOPLIST_FILE = "MPP KotlinUITests/Info.plist";
				LD_RUNPATH_SEARCH_PATHS = (
					"$(inherited)",
					"@executable_path/Frameworks",
					"@loader_path/Frameworks",
				);
				PRODUCT_BUNDLE_IDENTIFIER = "jarroyo.MPP-KotlinUITests";
				PRODUCT_NAME = "$(TARGET_NAME)";
				SWIFT_VERSION = 5.0;
				TARGETED_DEVICE_FAMILY = "1,2";
				TEST_TARGET_NAME = "MPP Kotlin";
			};
			name = Release;
		};
/* End XCBuildConfiguration section */

/* Begin XCConfigurationList section */
		044001E3228C5A08000477BF /* Build configuration list for PBXProject "MPP Kotlin" */ = {
			isa = XCConfigurationList;
			buildConfigurations = (
				0440020E228C5A09000477BF /* Debug */,
				0440020F228C5A09000477BF /* Release */,
			);
			defaultConfigurationIsVisible = 0;
			defaultConfigurationName = Release;
		};
		04400210228C5A09000477BF /* Build configuration list for PBXNativeTarget "MPP Kotlin" */ = {
			isa = XCConfigurationList;
			buildConfigurations = (
				04400211228C5A09000477BF /* Debug */,
				04400212228C5A09000477BF /* Release */,
			);
			defaultConfigurationIsVisible = 0;
			defaultConfigurationName = Release;
		};
		04400213228C5A09000477BF /* Build configuration list for PBXNativeTarget "MPP KotlinTests" */ = {
			isa = XCConfigurationList;
			buildConfigurations = (
				04400214228C5A09000477BF /* Debug */,
				04400215228C5A09000477BF /* Release */,
			);
			defaultConfigurationIsVisible = 0;
			defaultConfigurationName = Release;
		};
		04400216228C5A09000477BF /* Build configuration list for PBXNativeTarget "MPP KotlinUITests" */ = {
			isa = XCConfigurationList;
			buildConfigurations = (
				04400217228C5A09000477BF /* Debug */,
				04400218228C5A09000477BF /* Release */,
			);
			defaultConfigurationIsVisible = 0;
			defaultConfigurationName = Release;
		};
/* End XCConfigurationList section */
	};
	rootObject = 044001E0228C5A08000477BF /* Project object */;
}
